// !$*UTF8*$!
{
	archiveVersion = 1;
	classes = {
	};
	objectVersion = 46;
	objects = {

/* Begin PBXBuildFile section */
		119F550C34C5D757357B43C8 /* Pods_TumblrFeed.framework in Frameworks */ = {isa = PBXBuildFile; fileRef = 1F55BB8AE3554FEA4D281F7C /* Pods_TumblrFeed.framework */; };
		9C780A3C1E43F43A000385FE /* AppDelegate.swift in Sources */ = {isa = PBXBuildFile; fileRef = 9C780A3B1E43F43A000385FE /* AppDelegate.swift */; };
		9C780A411E43F43A000385FE /* Main.storyboard in Resources */ = {isa = PBXBuildFile; fileRef = 9C780A3F1E43F43A000385FE /* Main.storyboard */; };
		9C780A431E43F43A000385FE /* Assets.xcassets in Resources */ = {isa = PBXBuildFile; fileRef = 9C780A421E43F43A000385FE /* Assets.xcassets */; };
		9C780A461E43F43A000385FE /* LaunchScreen.storyboard in Resources */ = {isa = PBXBuildFile; fileRef = 9C780A441E43F43A000385FE /* LaunchScreen.storyboard */; };
		9C780A501E43F816000385FE /* PhotosViewController.swift in Sources */ = {isa = PBXBuildFile; fileRef = 9C780A4F1E43F816000385FE /* PhotosViewController.swift */; };
		9C780A561E442F21000385FE /* PhotoCellTableViewCell.swift in Sources */ = {isa = PBXBuildFile; fileRef = 9C780A551E442F21000385FE /* PhotoCellTableViewCell.swift */; };
/* End PBXBuildFile section */

/* Begin PBXFileReference section */
		057B160D577FDDB28617BBC7 /* Pods-TumblrFeed.debug.xcconfig */ = {isa = PBXFileReference; includeInIndex = 1; lastKnownFileType = text.xcconfig; name = "Pods-TumblrFeed.debug.xcconfig"; path = "Pods/Target Support Files/Pods-TumblrFeed/Pods-TumblrFeed.debug.xcconfig"; sourceTree = "<group>"; };
		1F55BB8AE3554FEA4D281F7C /* Pods_TumblrFeed.framework */ = {isa = PBXFileReference; explicitFileType = wrapper.framework; includeInIndex = 0; path = Pods_TumblrFeed.framework; sourceTree = BUILT_PRODUCTS_DIR; };
		9C780A381E43F43A000385FE /* TumblrFeed.app */ = {isa = PBXFileReference; explicitFileType = wrapper.application; includeInIndex = 0; path = TumblrFeed.app; sourceTree = BUILT_PRODUCTS_DIR; };
		9C780A3B1E43F43A000385FE /* AppDelegate.swift */ = {isa = PBXFileReference; lastKnownFileType = sourcecode.swift; path = AppDelegate.swift; sourceTree = "<group>"; };
		9C780A401E43F43A000385FE /* Base */ = {isa = PBXFileReference; lastKnownFileType = file.storyboard; name = Base; path = Base.lproj/Main.storyboard; sourceTree = "<group>"; };
		9C780A421E43F43A000385FE /* Assets.xcassets */ = {isa = PBXFileReference; lastKnownFileType = folder.assetcatalog; path = Assets.xcassets; sourceTree = "<group>"; };
		9C780A451E43F43A000385FE /* Base */ = {isa = PBXFileReference; lastKnownFileType = file.storyboard; name = Base; path = Base.lproj/LaunchScreen.storyboard; sourceTree = "<group>"; };
		9C780A471E43F43A000385FE /* Info.plist */ = {isa = PBXFileReference; lastKnownFileType = text.plist.xml; path = Info.plist; sourceTree = "<group>"; };
		9C780A4F1E43F816000385FE /* PhotosViewController.swift */ = {isa = PBXFileReference; fileEncoding = 4; lastKnownFileType = sourcecode.swift; path = PhotosViewController.swift; sourceTree = "<group>"; };
		9C780A551E442F21000385FE /* PhotoCellTableViewCell.swift */ = {isa = PBXFileReference; fileEncoding = 4; lastKnownFileType = sourcecode.swift; path = PhotoCellTableViewCell.swift; sourceTree = "<group>"; };
		E3E99FB6BA9C87BD2D87D320 /* Pods-TumblrFeed.release.xcconfig */ = {isa = PBXFileReference; includeInIndex = 1; lastKnownFileType = text.xcconfig; name = "Pods-TumblrFeed.release.xcconfig"; path = "Pods/Target Support Files/Pods-TumblrFeed/Pods-TumblrFeed.release.xcconfig"; sourceTree = "<group>"; };
/* End PBXFileReference section */

/* Begin PBXFrameworksBuildPhase section */
		9C780A351E43F43A000385FE /* Frameworks */ = {
			isa = PBXFrameworksBuildPhase;
			buildActionMask = 2147483647;
			files = (
				119F550C34C5D757357B43C8 /* Pods_TumblrFeed.framework in Frameworks */,
			);
			runOnlyForDeploymentPostprocessing = 0;
		};
/* End PBXFrameworksBuildPhase section */

/* Begin PBXGroup section */
		29E2439F003B74D26946043A /* Pods */ = {
			isa = PBXGroup;
			children = (
				057B160D577FDDB28617BBC7 /* Pods-TumblrFeed.debug.xcconfig */,
				E3E99FB6BA9C87BD2D87D320 /* Pods-TumblrFeed.release.xcconfig */,
			);
			name = Pods;
			sourceTree = "<group>";
		};
		4FDC4FA098668DDBFC291F61 /* Frameworks */ = {
			isa = PBXGroup;
			children = (
				1F55BB8AE3554FEA4D281F7C /* Pods_TumblrFeed.framework */,
			);
			name = Frameworks;
			sourceTree = "<group>";
		};
		9C780A2F1E43F439000385FE = {
			isa = PBXGroup;
			children = (
				9C780A3A1E43F43A000385FE /* TumblrFeed */,
				9C780A391E43F43A000385FE /* Products */,
				29E2439F003B74D26946043A /* Pods */,
				4FDC4FA098668DDBFC291F61 /* Frameworks */,
			);
			sourceTree = "<group>";
		};
		9C780A391E43F43A000385FE /* Products */ = {
			isa = PBXGroup;
			children = (
				9C780A381E43F43A000385FE /* TumblrFeed.app */,
			);
			name = Products;
			sourceTree = "<group>";
		};
		9C780A3A1E43F43A000385FE /* TumblrFeed */ = {
			isa = PBXGroup;
			children = (
				9C780A3B1E43F43A000385FE /* AppDelegate.swift */,
				9C780A3F1E43F43A000385FE /* Main.storyboard */,
				9C780A551E442F21000385FE /* PhotoCellTableViewCell.swift */,
				9C780A421E43F43A000385FE /* Assets.xcassets */,
				9C780A441E43F43A000385FE /* LaunchScreen.storyboard */,
				9C780A471E43F43A000385FE /* Info.plist */,
				9C780A4F1E43F816000385FE /* PhotosViewController.swift */,
			);
			path = TumblrFeed;
			sourceTree = "<group>";
		};
/* End PBXGroup section */

/* Begin PBXNativeTarget section */
		9C780A371E43F43A000385FE /* TumblrFeed */ = {
			isa = PBXNativeTarget;
			buildConfigurationList = 9C780A4A1E43F43A000385FE /* Build configuration list for PBXNativeTarget "TumblrFeed" */;
			buildPhases = (
				2A22F861916859C01A00F40E /* [CP] Check Pods Manifest.lock */,
				9C780A341E43F43A000385FE /* Sources */,
				9C780A351E43F43A000385FE /* Frameworks */,
				9C780A361E43F43A000385FE /* Resources */,
				A785CD23783A7D7A9CD2C0A5 /* [CP] Embed Pods Frameworks */,
				DFDD45E2AE8ED7AB8F67F06B /* [CP] Copy Pods Resources */,
			);
			buildRules = (
			);
			dependencies = (
			);
			name = TumblrFeed;
			productName = TumblrFeed;
			productReference = 9C780A381E43F43A000385FE /* TumblrFeed.app */;
			productType = "com.apple.product-type.application";
		};
/* End PBXNativeTarget section */

/* Begin PBXProject section */
		9C780A301E43F439000385FE /* Project object */ = {
			isa = PBXProject;
			attributes = {
				LastSwiftUpdateCheck = 0820;
				LastUpgradeCheck = 0820;
				ORGANIZATIONNAME = "Make School";
				TargetAttributes = {
					9C780A371E43F43A000385FE = {
						CreatedOnToolsVersion = 8.2;
						ProvisioningStyle = Automatic;
					};
				};
			};
			buildConfigurationList = 9C780A331E43F439000385FE /* Build configuration list for PBXProject "TumblrFeed" */;
			compatibilityVersion = "Xcode 3.2";
			developmentRegion = English;
			hasScannedForEncodings = 0;
			knownRegions = (
				en,
				Base,
			);
			mainGroup = 9C780A2F1E43F439000385FE;
			productRefGroup = 9C780A391E43F43A000385FE /* Products */;
			projectDirPath = "";
			projectRoot = "";
			targets = (
				9C780A371E43F43A000385FE /* TumblrFeed */,
			);
		};
/* End PBXProject section */

/* Begin PBXResourcesBuildPhase section */
		9C780A361E43F43A000385FE /* Resources */ = {
			isa = PBXResourcesBuildPhase;
			buildActionMask = 2147483647;
			files = (
				9C780A461E43F43A000385FE /* LaunchScreen.storyboard in Resources */,
				9C780A431E43F43A000385FE /* Assets.xcassets in Resources */,
				9C780A411E43F43A000385FE /* Main.storyboard in Resources */,
			);
			runOnlyForDeploymentPostprocessing = 0;
		};
/* End PBXResourcesBuildPhase section */

/* Begin PBXShellScriptBuildPhase section */
		2A22F861916859C01A00F40E /* [CP] Check Pods Manifest.lock */ = {
			isa = PBXShellScriptBuildPhase;
			buildActionMask = 2147483647;
			files = (
			);
			inputPaths = (
			);
			name = "[CP] Check Pods Manifest.lock";
			outputPaths = (
			);
			runOnlyForDeploymentPostprocessing = 0;
			shellPath = /bin/sh;
			shellScript = "diff \"${PODS_ROOT}/../Podfile.lock\" \"${PODS_ROOT}/Manifest.lock\" > /dev/null\nif [ $? != 0 ] ; then\n    # print error to STDERR\n    echo \"error: The sandbox is not in sync with the Podfile.lock. Run 'pod install' or update your CocoaPods installation.\" >&2\n    exit 1\nfi\n";
			showEnvVarsInLog = 0;
		};
		A785CD23783A7D7A9CD2C0A5 /* [CP] Embed Pods Frameworks */ = {
			isa = PBXShellScriptBuildPhase;
			buildActionMask = 2147483647;
			files = (
			);
			inputPaths = (
			);
			name = "[CP] Embed Pods Frameworks";
			outputPaths = (
			);
			runOnlyForDeploymentPostprocessing = 0;
			shellPath = /bin/sh;
			shellScript = "\"${SRCROOT}/Pods/Target Support Files/Pods-TumblrFeed/Pods-TumblrFeed-frameworks.sh\"\n";
			showEnvVarsInLog = 0;
		};
		DFDD45E2AE8ED7AB8F67F06B /* [CP] Copy Pods Resources */ = {
			isa = PBXShellScriptBuildPhase;
			buildActionMask = 2147483647;
			files = (
			);
			inputPaths = (
			);
			name = "[CP] Copy Pods Resources";
			outputPaths = (
			);
			runOnlyForDeploymentPostprocessing = 0;
			shellPath = /bin/sh;
			shellScript = "\"${SRCROOT}/Pods/Target Support Files/Pods-TumblrFeed/Pods-TumblrFeed-resources.sh\"\n";
			showEnvVarsInLog = 0;
		};
/* End PBXShellScriptBuildPhase section */

/* Begin PBXSourcesBuildPhase section */
		9C780A341E43F43A000385FE /* Sources */ = {
			isa = PBXSourcesBuildPhase;
			buildActionMask = 2147483647;
			files = (
				9C780A561E442F21000385FE /* PhotoCellTableViewCell.swift in Sources */,
				9C780A3C1E43F43A000385FE /* AppDelegate.swift in Sources */,
				9C780A501E43F816000385FE /* PhotosViewController.swift in Sources */,
			);
			runOnlyForDeploymentPostprocessing = 0;
		};
/* End PBXSourcesBuildPhase section */

/* Begin PBXVariantGroup section */
		9C780A3F1E43F43A000385FE /* Main.storyboard */ = {
			isa = PBXVariantGroup;
			children = (
				9C780A401E43F43A000385FE /* Base */,
			);
			name = Main.storyboard;
			sourceTree = "<group>";
		};
		9C780A441E43F43A000385FE /* LaunchScreen.storyboard */ = {
			isa = PBXVariantGroup;
			children = (
				9C780A451E43F43A000385FE /* Base */,
			);
			name = LaunchScreen.storyboard;
			sourceTree = "<group>";
		};
/* End PBXVariantGroup section */

/* Begin XCBuildConfiguration section */
		9C780A481E43F43A000385FE /* Debug */ = {
			isa = XCBuildConfiguration;
			buildSettings = {
				ALWAYS_SEARCH_USER_PATHS = NO;
				CLANG_ANALYZER_NONNULL = YES;
				CLANG_CXX_LANGUAGE_STANDARD = "gnu++0x";
				CLANG_CXX_LIBRARY = "libc++";
				CLANG_ENABLE_MODULES = YES;
				CLANG_ENABLE_OBJC_ARC = YES;
				CLANG_WARN_BOOL_CONVERSION = YES;
				CLANG_WARN_CONSTANT_CONVERSION = YES;
				CLANG_WARN_DIRECT_OBJC_ISA_USAGE = YES_ERROR;
				CLANG_WARN_DOCUMENTATION_COMMENTS = YES;
				CLANG_WARN_EMPTY_BODY = YES;
				CLANG_WARN_ENUM_CONVERSION = YES;
				CLANG_WARN_INFINITE_RECURSION = YES;
				CLANG_WARN_INT_CONVERSION = YES;
				CLANG_WARN_OBJC_ROOT_CLASS = YES_ERROR;
				CLANG_WARN_SUSPICIOUS_MOVE = YES;
				CLANG_WARN_UNREACHABLE_CODE = YES;
				CLANG_WARN__DUPLICATE_METHOD_MATCH = YES;
				"CODE_SIGN_IDENTITY[sdk=iphoneos*]" = "iPhone Developer";
				COPY_PHASE_STRIP = NO;
				DEBUG_INFORMATION_FORMAT = dwarf;
				ENABLE_STRICT_OBJC_MSGSEND = YES;
				ENABLE_TESTABILITY = YES;
				GCC_C_LANGUAGE_STANDARD = gnu99;
				GCC_DYNAMIC_NO_PIC = NO;
				GCC_NO_COMMON_BLOCKS = YES;
				GCC_OPTIMIZATION_LEVEL = 0;
				GCC_PREPROCESSOR_DEFINITIONS = (
					"DEBUG=1",
					"$(inherited)",
				);
				GCC_WARN_64_TO_32_BIT_CONVERSION = YES;
				GCC_WARN_ABOUT_RETURN_TYPE = YES_ERROR;
				GCC_WARN_UNDECLARED_SELECTOR = YES;
				GCC_WARN_UNINITIALIZED_AUTOS = YES_AGGRESSIVE;
				GCC_WARN_UNUSED_FUNCTION = YES;
				GCC_WARN_UNUSED_VARIABLE = YES;
				IPHONEOS_DEPLOYMENT_TARGET = 10.2;
				MTL_ENABLE_DEBUG_INFO = YES;
				ONLY_ACTIVE_ARCH = YES;
				SDKROOT = iphoneos;
				SWIFT_ACTIVE_COMPILATION_CONDITIONS = DEBUG;
				SWIFT_OPTIMIZATION_LEVEL = "-Onone";
			};
			name = Debug;
		};
		9C780A491E43F43A000385FE /* Release */ = {
			isa = XCBuildConfiguration;
			buildSettings = {
				ALWAYS_SEARCH_USER_PATHS = NO;
				CLANG_ANALYZER_NONNULL = YES;
				CLANG_CXX_LANGUAGE_STANDARD = "gnu++0x";
				CLANG_CXX_LIBRARY = "libc++";
				CLANG_ENABLE_MODULES = YES;
				CLANG_ENABLE_OBJC_ARC = YES;
				CLANG_WARN_BOOL_CONVERSION = YES;
				CLANG_WARN_CONSTANT_CONVERSION = YES;
				CLANG_WARN_DIRECT_OBJC_ISA_USAGE = YES_ERROR;
				CLANG_WARN_DOCUMENTATION_COMMENTS = YES;
				CLANG_WARN_EMPTY_BODY = YES;
				CLANG_WARN_ENUM_CONVERSION = YES;
				CLANG_WARN_INFINITE_RECURSION = YES;
				CLANG_WARN_INT_CONVERSION = YES;
				CLANG_WARN_OBJC_ROOT_CLASS = YES_ERROR;
				CLANG_WARN_SUSPICIOUS_MOVE = YES;
				CLANG_WARN_UNREACHABLE_CODE = YES;
				CLANG_WARN__DUPLICATE_METHOD_MATCH = YES;
				"CODE_SIGN_IDENTITY[sdk=iphoneos*]" = "iPhone Developer";
				COPY_PHASE_STRIP = NO;
				DEBUG_INFORMATION_FORMAT = "dwarf-with-dsym";
				ENABLE_NS_ASSERTIONS = NO;
				ENABLE_STRICT_OBJC_MSGSEND = YES;
				GCC_C_LANGUAGE_STANDARD = gnu99;
				GCC_NO_COMMON_BLOCKS = YES;
				GCC_WARN_64_TO_32_BIT_CONVERSION = YES;
				GCC_WARN_ABOUT_RETURN_TYPE = YES_ERROR;
				GCC_WARN_UNDECLARED_SELECTOR = YES;
				GCC_WARN_UNINITIALIZED_AUTOS = YES_AGGRESSIVE;
				GCC_WARN_UNUSED_FUNCTION = YES;
				GCC_WARN_UNUSED_VARIABLE = YES;
				IPHONEOS_DEPLOYMENT_TARGET = 10.2;
				MTL_ENABLE_DEBUG_INFO = NO;
				SDKROOT = iphoneos;
				SWIFT_OPTIMIZATION_LEVEL = "-Owholemodule";
				VALIDATE_PRODUCT = YES;
			};
			name = Release;
		};
		9C780A4B1E43F43A000385FE /* Debug */ = {
			isa = XCBuildConfiguration;
			baseConfigurationReference = 057B160D577FDDB28617BBC7 /* Pods-TumblrFeed.debug.xcconfig */;
			buildSettings = {
				ASSETCATALOG_COMPILER_APPICON_NAME = AppIcon;
				INFOPLIST_FILE = TumblrFeed/Info.plist;
				LD_RUNPATH_SEARCH_PATHS = "$(inherited) @executable_path/Frameworks";
				PRODUCT_BUNDLE_IDENTIFIER = com.makeschool.TumblrFeed;
				PRODUCT_NAME = "$(TARGET_NAME)";
				SWIFT_VERSION = 3.0;
			};
			name = Debug;
		};
		9C780A4C1E43F43A000385FE /* Release */ = {
			isa = XCBuildConfiguration;
			baseConfigurationReference = E3E99FB6BA9C87BD2D87D320 /* Pods-TumblrFeed.release.xcconfig */;
			buildSettings = {
				ASSETCATALOG_COMPILER_APPICON_NAME = AppIcon;
				INFOPLIST_FILE = TumblrFeed/Info.plist;
				LD_RUNPATH_SEARCH_PATHS = "$(inherited) @executable_path/Frameworks";
				PRODUCT_BUNDLE_IDENTIFIER = com.makeschool.TumblrFeed;
				PRODUCT_NAME = "$(TARGET_NAME)";
				SWIFT_VERSION = 3.0;
			};
			name = Release;
		};
/* End XCBuildConfiguration section */

/* Begin XCConfigurationList section */
		9C780A331E43F439000385FE /* Build configuration list for PBXProject "TumblrFeed" */ = {
			isa = XCConfigurationList;
			buildConfigurations = (
				9C780A481E43F43A000385FE /* Debug */,
				9C780A491E43F43A000385FE /* Release */,
			);
			defaultConfigurationIsVisible = 0;
			defaultConfigurationName = Release;
		};
		9C780A4A1E43F43A000385FE /* Build configuration list for PBXNativeTarget "TumblrFeed" */ = {
			isa = XCConfigurationList;
			buildConfigurations = (
				9C780A4B1E43F43A000385FE /* Debug */,
				9C780A4C1E43F43A000385FE /* Release */,
			);
			defaultConfigurationIsVisible = 0;
			defaultConfigurationName = Release;
		};
/* End XCConfigurationList section */
	};
	rootObject = 9C780A301E43F439000385FE /* Project object */;
}
